
Microsoft Visual Studio Solution File, Format Version 12.00
# Visual Studio 14
VisualStudioVersion = 14.0.25123.0
MinimumVisualStudioVersion = 10.0.40219.1
Project("{FAE04EC0-301F-11D3-BF4B-00C04F79EFBC}") = "ClientServer", "ClientServer\ClientServer.csproj", "{858DE420-4559-426C-BA84-8E874662D62D}"
EndProject
Project("{FAE04EC0-301F-11D3-BF4B-00C04F79EFBC}") = "AttributesTest", "AttributesTest\AttributesTest.csproj", "{3D5A6888-4274-4B12-806A-92DC3A5401D4}"
EndProject
Project("{FAE04EC0-301F-11D3-BF4B-00C04F79EFBC}") = "ThreadProgressBar", "ThreadProgressBar\ThreadProgressBar.csproj", "{193FA7DF-3CD1-42B4-92E9-D2BBC725C8AB}"
EndProject
Project("{FAE04EC0-301F-11D3-BF4B-00C04F79EFBC}") = "AsyncThread", "AsyncThread\AsyncThread.csproj", "{01E8ACE3-3974-4971-A1A0-E20FB343C096}"
EndProject
Project("{FAE04EC0-301F-11D3-BF4B-00C04F79EFBC}") = "AsyncAwait", "AsyncAwait\AsyncAwait.csproj", "{DA3C7D5A-875A-4F59-89F6-5CF0BA34C356}"
EndProject
Project("{FAE04EC0-301F-11D3-BF4B-00C04F79EFBC}") = "Serialization", "Serialization\Serialization.csproj", "{B9C46D19-88FF-436E-8479-FCC3078ADAE1}"
EndProject
Project("{FAE04EC0-301F-11D3-BF4B-00C04F79EFBC}") = "NETRemoting", "NETRemoting\NETRemoting.csproj", "{7E395CD4-581A-416B-885D-3BC89E975A53}"
EndProject
Project("{FAE04EC0-301F-11D3-BF4B-00C04F79EFBC}") = "NETRmotingCL", "NETRmotingCL\NETRmotingCL.csproj", "{A2E70A71-ED02-4A2D-8BBC-DB20153EF015}"
EndProject
Project("{FAE04EC0-301F-11D3-BF4B-00C04F79EFBC}") = "NETRemotingClient", "NETRemotingClient\NETRemotingClient.csproj", "{CD3F9415-9000-4794-A119-DB4AEEDEAE47}"
EndProject
Project("{2150E333-8FDC-42A3-9474-1A3956D46DE8}") = "Remoting", "Remoting", "{4D0C7B89-8086-4737-ABEC-0AB67E7ED104}"
EndProject
Project("{FAE04EC0-301F-11D3-BF4B-00C04F79EFBC}") = "Client", "Client\Client.csproj", "{EEA4BCC0-7342-4FAF-A4EE-C277E8BE832A}"
EndProject
Project("{FAE04EC0-301F-11D3-BF4B-00C04F79EFBC}") = "Server1", "Server1\Server1.csproj", "{86DE5512-0D1A-451B-A45A-47DF92209C81}"
EndProject
Project("{FAE04EC0-301F-11D3-BF4B-00C04F79EFBC}") = "Server2", "Server2\Server2.csproj", "{A4D4E454-340B-4782-9162-37BABC3D269D}"
EndProject
Project("{2150E333-8FDC-42A3-9474-1A3956D46DE8}") = "WCF", "WCF", "{C2E267A8-D312-4E88-A60E-EF499B7C6802}"
EndProject
Project("{FAE04EC0-301F-11D3-BF4B-00C04F79EFBC}") = "WCFServices", "WCFServices\WCFServices.csproj", "{3F61ADE6-FED9-434D-8DF5-AFABAC4ED92D}"
EndProject
Project("{FAE04EC0-301F-11D3-BF4B-00C04F79EFBC}") = "WCFClient", "WCFClient\WCFClient.csproj", "{EB4FA3A2-D317-4E0C-B0A2-23354C6AD4EC}"
EndProject
Project("{FAE04EC0-301F-11D3-BF4B-00C04F79EFBC}") = "WCFClient2", "WCFClient2\WCFClient2.csproj", "{282615AA-D765-474D-9CE4-EE35471AC256}"
EndProject
Project("{2150E333-8FDC-42A3-9474-1A3956D46DE8}") = "Socket", "Socket", "{024D6A10-75F9-4C9E-9B90-EC245B959934}"
EndProject
Project("{FAE04EC0-301F-11D3-BF4B-00C04F79EFBC}") = "Socket", "Socket\Socket.csproj", "{4BFC95A9-0EAE-4B6C-8F0C-4CDBA165E069}"
EndProject
Project("{FAE04EC0-301F-11D3-BF4B-00C04F79EFBC}") = "ClientSocket", "ClientSocket\ClientSocket.csproj", "{760FA47A-75A8-448A-BF15-7229571AA23C}"
EndProject
Project("{2150E333-8FDC-42A3-9474-1A3956D46DE8}") = "LINQ", "LINQ", "{9184E972-1614-4340-84F3-A4C71155D382}"
EndProject
Project("{FAE04EC0-301F-11D3-BF4B-00C04F79EFBC}") = "LINQ", "LINQ\LINQ.csproj", "{9C7F6E1D-0210-4A30-9D08-9B42BA4614E1}"
EndProject
Project("{2150E333-8FDC-42A3-9474-1A3956D46DE8}") = "Web", "Web", "{F2F7F86D-2C10-42E4-83FF-62125C678F38}"
EndProject
Project("{FAE04EC0-301F-11D3-BF4B-00C04F79EFBC}") = "WebRwquestResponse", "WebRwquestResponse\WebRwquestResponse.csproj", "{9907A911-2BE9-43A8-BF2E-A3CED758952D}"
EndProject
Project("{FAE04EC0-301F-11D3-BF4B-00C04F79EFBC}") = "rest", "rest\rest.csproj", "{F257883C-C6D2-45AE-BB3E-C3260502F3F0}"
EndProject
Project("{FAE04EC0-301F-11D3-BF4B-00C04F79EFBC}") = "HttpClient", "HttpClient\HttpClient.csproj", "{8C9B6B84-4740-4834-A7E8-301D7338FE5C}"
EndProject
Project("{FAE04EC0-301F-11D3-BF4B-00C04F79EFBC}") = "Test", "Test\Test.csproj", "{F483A5D8-C2C5-4419-8EB9-4675D968AEA0}"
EndProject
Global
	GlobalSection(SolutionConfigurationPlatforms) = preSolution
		Debug|Any CPU = Debug|Any CPU
		Debug|ARM = Debug|ARM
		Debug|x64 = Debug|x64
		Debug|x86 = Debug|x86
		Release|Any CPU = Release|Any CPU
		Release|ARM = Release|ARM
		Release|x64 = Release|x64
		Release|x86 = Release|x86
	EndGlobalSection
	GlobalSection(ProjectConfigurationPlatforms) = postSolution
		{858DE420-4559-426C-BA84-8E874662D62D}.Debug|Any CPU.ActiveCfg = Debug|Any CPU
		{858DE420-4559-426C-BA84-8E874662D62D}.Debug|Any CPU.Build.0 = Debug|Any CPU
		{858DE420-4559-426C-BA84-8E874662D62D}.Debug|ARM.ActiveCfg = Debug|Any CPU
		{858DE420-4559-426C-BA84-8E874662D62D}.Debug|ARM.Build.0 = Debug|Any CPU
		{858DE420-4559-426C-BA84-8E874662D62D}.Debug|x64.ActiveCfg = Debug|Any CPU
		{858DE420-4559-426C-BA84-8E874662D62D}.Debug|x64.Build.0 = Debug|Any CPU
		{858DE420-4559-426C-BA84-8E874662D62D}.Debug|x86.ActiveCfg = Debug|Any CPU
		{858DE420-4559-426C-BA84-8E874662D62D}.Debug|x86.Build.0 = Debug|Any CPU
		{858DE420-4559-426C-BA84-8E874662D62D}.Release|Any CPU.ActiveCfg = Release|Any CPU
		{858DE420-4559-426C-BA84-8E874662D62D}.Release|Any CPU.Build.0 = Release|Any CPU
		{858DE420-4559-426C-BA84-8E874662D62D}.Release|ARM.ActiveCfg = Release|Any CPU
		{858DE420-4559-426C-BA84-8E874662D62D}.Release|ARM.Build.0 = Release|Any CPU
		{858DE420-4559-426C-BA84-8E874662D62D}.Release|x64.ActiveCfg = Release|Any CPU
		{858DE420-4559-426C-BA84-8E874662D62D}.Release|x64.Build.0 = Release|Any CPU
		{858DE420-4559-426C-BA84-8E874662D62D}.Release|x86.ActiveCfg = Release|Any CPU
		{858DE420-4559-426C-BA84-8E874662D62D}.Release|x86.Build.0 = Release|Any CPU
		{3D5A6888-4274-4B12-806A-92DC3A5401D4}.Debug|Any CPU.ActiveCfg = Debug|Any CPU
		{3D5A6888-4274-4B12-806A-92DC3A5401D4}.Debug|Any CPU.Build.0 = Debug|Any CPU
		{3D5A6888-4274-4B12-806A-92DC3A5401D4}.Debug|ARM.ActiveCfg = Debug|Any CPU
		{3D5A6888-4274-4B12-806A-92DC3A5401D4}.Debug|ARM.Build.0 = Debug|Any CPU
		{3D5A6888-4274-4B12-806A-92DC3A5401D4}.Debug|x64.ActiveCfg = Debug|Any CPU
		{3D5A6888-4274-4B12-806A-92DC3A5401D4}.Debug|x64.Build.0 = Debug|Any CPU
		{3D5A6888-4274-4B12-806A-92DC3A5401D4}.Debug|x86.ActiveCfg = Debug|Any CPU
		{3D5A6888-4274-4B12-806A-92DC3A5401D4}.Debug|x86.Build.0 = Debug|Any CPU
		{3D5A6888-4274-4B12-806A-92DC3A5401D4}.Release|Any CPU.ActiveCfg = Release|Any CPU
		{3D5A6888-4274-4B12-806A-92DC3A5401D4}.Release|Any CPU.Build.0 = Release|Any CPU
		{3D5A6888-4274-4B12-806A-92DC3A5401D4}.Release|ARM.ActiveCfg = Release|Any CPU
		{3D5A6888-4274-4B12-806A-92DC3A5401D4}.Release|ARM.Build.0 = Release|Any CPU
		{3D5A6888-4274-4B12-806A-92DC3A5401D4}.Release|x64.ActiveCfg = Release|Any CPU
		{3D5A6888-4274-4B12-806A-92DC3A5401D4}.Release|x64.Build.0 = Release|Any CPU
		{3D5A6888-4274-4B12-806A-92DC3A5401D4}.Release|x86.ActiveCfg = Release|Any CPU
		{3D5A6888-4274-4B12-806A-92DC3A5401D4}.Release|x86.Build.0 = Release|Any CPU
		{193FA7DF-3CD1-42B4-92E9-D2BBC725C8AB}.Debug|Any CPU.ActiveCfg = Debug|Any CPU
		{193FA7DF-3CD1-42B4-92E9-D2BBC725C8AB}.Debug|Any CPU.Build.0 = Debug|Any CPU
		{193FA7DF-3CD1-42B4-92E9-D2BBC725C8AB}.Debug|ARM.ActiveCfg = Debug|Any CPU
		{193FA7DF-3CD1-42B4-92E9-D2BBC725C8AB}.Debug|ARM.Build.0 = Debug|Any CPU
		{193FA7DF-3CD1-42B4-92E9-D2BBC725C8AB}.Debug|x64.ActiveCfg = Debug|Any CPU
		{193FA7DF-3CD1-42B4-92E9-D2BBC725C8AB}.Debug|x64.Build.0 = Debug|Any CPU
		{193FA7DF-3CD1-42B4-92E9-D2BBC725C8AB}.Debug|x86.ActiveCfg = Debug|Any CPU
		{193FA7DF-3CD1-42B4-92E9-D2BBC725C8AB}.Debug|x86.Build.0 = Debug|Any CPU
		{193FA7DF-3CD1-42B4-92E9-D2BBC725C8AB}.Release|Any CPU.ActiveCfg = Release|Any CPU
		{193FA7DF-3CD1-42B4-92E9-D2BBC725C8AB}.Release|Any CPU.Build.0 = Release|Any CPU
		{193FA7DF-3CD1-42B4-92E9-D2BBC725C8AB}.Release|ARM.ActiveCfg = Release|Any CPU
		{193FA7DF-3CD1-42B4-92E9-D2BBC725C8AB}.Release|ARM.Build.0 = Release|Any CPU
		{193FA7DF-3CD1-42B4-92E9-D2BBC725C8AB}.Release|x64.ActiveCfg = Release|Any CPU
		{193FA7DF-3CD1-42B4-92E9-D2BBC725C8AB}.Release|x64.Build.0 = Release|Any CPU
		{193FA7DF-3CD1-42B4-92E9-D2BBC725C8AB}.Release|x86.ActiveCfg = Release|Any CPU
		{193FA7DF-3CD1-42B4-92E9-D2BBC725C8AB}.Release|x86.Build.0 = Release|Any CPU
		{01E8ACE3-3974-4971-A1A0-E20FB343C096}.Debug|Any CPU.ActiveCfg = Debug|Any CPU
		{01E8ACE3-3974-4971-A1A0-E20FB343C096}.Debug|Any CPU.Build.0 = Debug|Any CPU
		{01E8ACE3-3974-4971-A1A0-E20FB343C096}.Debug|ARM.ActiveCfg = Debug|Any CPU
		{01E8ACE3-3974-4971-A1A0-E20FB343C096}.Debug|ARM.Build.0 = Debug|Any CPU
		{01E8ACE3-3974-4971-A1A0-E20FB343C096}.Debug|x64.ActiveCfg = Debug|Any CPU
		{01E8ACE3-3974-4971-A1A0-E20FB343C096}.Debug|x64.Build.0 = Debug|Any CPU
		{01E8ACE3-3974-4971-A1A0-E20FB343C096}.Debug|x86.ActiveCfg = Debug|Any CPU
		{01E8ACE3-3974-4971-A1A0-E20FB343C096}.Debug|x86.Build.0 = Debug|Any CPU
		{01E8ACE3-3974-4971-A1A0-E20FB343C096}.Release|Any CPU.ActiveCfg = Release|Any CPU
		{01E8ACE3-3974-4971-A1A0-E20FB343C096}.Release|Any CPU.Build.0 = Release|Any CPU
		{01E8ACE3-3974-4971-A1A0-E20FB343C096}.Release|ARM.ActiveCfg = Release|Any CPU
		{01E8ACE3-3974-4971-A1A0-E20FB343C096}.Release|ARM.Build.0 = Release|Any CPU
		{01E8ACE3-3974-4971-A1A0-E20FB343C096}.Release|x64.ActiveCfg = Release|Any CPU
		{01E8ACE3-3974-4971-A1A0-E20FB343C096}.Release|x64.Build.0 = Release|Any CPU
		{01E8ACE3-3974-4971-A1A0-E20FB343C096}.Release|x86.ActiveCfg = Release|Any CPU
		{01E8ACE3-3974-4971-A1A0-E20FB343C096}.Release|x86.Build.0 = Release|Any CPU
		{DA3C7D5A-875A-4F59-89F6-5CF0BA34C356}.Debug|Any CPU.ActiveCfg = Debug|Any CPU
		{DA3C7D5A-875A-4F59-89F6-5CF0BA34C356}.Debug|Any CPU.Build.0 = Debug|Any CPU
		{DA3C7D5A-875A-4F59-89F6-5CF0BA34C356}.Debug|ARM.ActiveCfg = Debug|Any CPU
		{DA3C7D5A-875A-4F59-89F6-5CF0BA34C356}.Debug|ARM.Build.0 = Debug|Any CPU
		{DA3C7D5A-875A-4F59-89F6-5CF0BA34C356}.Debug|x64.ActiveCfg = Debug|Any CPU
		{DA3C7D5A-875A-4F59-89F6-5CF0BA34C356}.Debug|x64.Build.0 = Debug|Any CPU
		{DA3C7D5A-875A-4F59-89F6-5CF0BA34C356}.Debug|x86.ActiveCfg = Debug|Any CPU
		{DA3C7D5A-875A-4F59-89F6-5CF0BA34C356}.Debug|x86.Build.0 = Debug|Any CPU
		{DA3C7D5A-875A-4F59-89F6-5CF0BA34C356}.Release|Any CPU.ActiveCfg = Release|Any CPU
		{DA3C7D5A-875A-4F59-89F6-5CF0BA34C356}.Release|Any CPU.Build.0 = Release|Any CPU
		{DA3C7D5A-875A-4F59-89F6-5CF0BA34C356}.Release|ARM.ActiveCfg = Release|Any CPU
		{DA3C7D5A-875A-4F59-89F6-5CF0BA34C356}.Release|ARM.Build.0 = Release|Any CPU
		{DA3C7D5A-875A-4F59-89F6-5CF0BA34C356}.Release|x64.ActiveCfg = Release|Any CPU
		{DA3C7D5A-875A-4F59-89F6-5CF0BA34C356}.Release|x64.Build.0 = Release|Any CPU
		{DA3C7D5A-875A-4F59-89F6-5CF0BA34C356}.Release|x86.ActiveCfg = Release|Any CPU
		{DA3C7D5A-875A-4F59-89F6-5CF0BA34C356}.Release|x86.Build.0 = Release|Any CPU
		{B9C46D19-88FF-436E-8479-FCC3078ADAE1}.Debug|Any CPU.ActiveCfg = Debug|Any CPU
		{B9C46D19-88FF-436E-8479-FCC3078ADAE1}.Debug|Any CPU.Build.0 = Debug|Any CPU
		{B9C46D19-88FF-436E-8479-FCC3078ADAE1}.Debug|ARM.ActiveCfg = Debug|Any CPU
		{B9C46D19-88FF-436E-8479-FCC3078ADAE1}.Debug|ARM.Build.0 = Debug|Any CPU
		{B9C46D19-88FF-436E-8479-FCC3078ADAE1}.Debug|x64.ActiveCfg = Debug|Any CPU
		{B9C46D19-88FF-436E-8479-FCC3078ADAE1}.Debug|x64.Build.0 = Debug|Any CPU
		{B9C46D19-88FF-436E-8479-FCC3078ADAE1}.Debug|x86.ActiveCfg = Debug|Any CPU
		{B9C46D19-88FF-436E-8479-FCC3078ADAE1}.Debug|x86.Build.0 = Debug|Any CPU
		{B9C46D19-88FF-436E-8479-FCC3078ADAE1}.Release|Any CPU.ActiveCfg = Release|Any CPU
		{B9C46D19-88FF-436E-8479-FCC3078ADAE1}.Release|Any CPU.Build.0 = Release|Any CPU
		{B9C46D19-88FF-436E-8479-FCC3078ADAE1}.Release|ARM.ActiveCfg = Release|Any CPU
		{B9C46D19-88FF-436E-8479-FCC3078ADAE1}.Release|ARM.Build.0 = Release|Any CPU
		{B9C46D19-88FF-436E-8479-FCC3078ADAE1}.Release|x64.ActiveCfg = Release|Any CPU
		{B9C46D19-88FF-436E-8479-FCC3078ADAE1}.Release|x64.Build.0 = Release|Any CPU
		{B9C46D19-88FF-436E-8479-FCC3078ADAE1}.Release|x86.ActiveCfg = Release|Any CPU
		{B9C46D19-88FF-436E-8479-FCC3078ADAE1}.Release|x86.Build.0 = Release|Any CPU
		{7E395CD4-581A-416B-885D-3BC89E975A53}.Debug|Any CPU.ActiveCfg = Debug|Any CPU
		{7E395CD4-581A-416B-885D-3BC89E975A53}.Debug|Any CPU.Build.0 = Debug|Any CPU
		{7E395CD4-581A-416B-885D-3BC89E975A53}.Debug|ARM.ActiveCfg = Debug|Any CPU
		{7E395CD4-581A-416B-885D-3BC89E975A53}.Debug|ARM.Build.0 = Debug|Any CPU
		{7E395CD4-581A-416B-885D-3BC89E975A53}.Debug|x64.ActiveCfg = Debug|Any CPU
		{7E395CD4-581A-416B-885D-3BC89E975A53}.Debug|x64.Build.0 = Debug|Any CPU
		{7E395CD4-581A-416B-885D-3BC89E975A53}.Debug|x86.ActiveCfg = Debug|Any CPU
		{7E395CD4-581A-416B-885D-3BC89E975A53}.Debug|x86.Build.0 = Debug|Any CPU
		{7E395CD4-581A-416B-885D-3BC89E975A53}.Release|Any CPU.ActiveCfg = Release|Any CPU
		{7E395CD4-581A-416B-885D-3BC89E975A53}.Release|Any CPU.Build.0 = Release|Any CPU
		{7E395CD4-581A-416B-885D-3BC89E975A53}.Release|ARM.ActiveCfg = Release|Any CPU
		{7E395CD4-581A-416B-885D-3BC89E975A53}.Release|ARM.Build.0 = Release|Any CPU
		{7E395CD4-581A-416B-885D-3BC89E975A53}.Release|x64.ActiveCfg = Release|Any CPU
		{7E395CD4-581A-416B-885D-3BC89E975A53}.Release|x64.Build.0 = Release|Any CPU
		{7E395CD4-581A-416B-885D-3BC89E975A53}.Release|x86.ActiveCfg = Release|Any CPU
		{7E395CD4-581A-416B-885D-3BC89E975A53}.Release|x86.Build.0 = Release|Any CPU
		{A2E70A71-ED02-4A2D-8BBC-DB20153EF015}.Debug|Any CPU.ActiveCfg = Debug|Any CPU
		{A2E70A71-ED02-4A2D-8BBC-DB20153EF015}.Debug|Any CPU.Build.0 = Debug|Any CPU
		{A2E70A71-ED02-4A2D-8BBC-DB20153EF015}.Debug|ARM.ActiveCfg = Debug|Any CPU
		{A2E70A71-ED02-4A2D-8BBC-DB20153EF015}.Debug|ARM.Build.0 = Debug|Any CPU
		{A2E70A71-ED02-4A2D-8BBC-DB20153EF015}.Debug|x64.ActiveCfg = Debug|Any CPU
		{A2E70A71-ED02-4A2D-8BBC-DB20153EF015}.Debug|x64.Build.0 = Debug|Any CPU
		{A2E70A71-ED02-4A2D-8BBC-DB20153EF015}.Debug|x86.ActiveCfg = Debug|Any CPU
		{A2E70A71-ED02-4A2D-8BBC-DB20153EF015}.Debug|x86.Build.0 = Debug|Any CPU
		{A2E70A71-ED02-4A2D-8BBC-DB20153EF015}.Release|Any CPU.ActiveCfg = Release|Any CPU
		{A2E70A71-ED02-4A2D-8BBC-DB20153EF015}.Release|Any CPU.Build.0 = Release|Any CPU
		{A2E70A71-ED02-4A2D-8BBC-DB20153EF015}.Release|ARM.ActiveCfg = Release|Any CPU
		{A2E70A71-ED02-4A2D-8BBC-DB20153EF015}.Release|ARM.Build.0 = Release|Any CPU
		{A2E70A71-ED02-4A2D-8BBC-DB20153EF015}.Release|x64.ActiveCfg = Release|Any CPU
		{A2E70A71-ED02-4A2D-8BBC-DB20153EF015}.Release|x64.Build.0 = Release|Any CPU
		{A2E70A71-ED02-4A2D-8BBC-DB20153EF015}.Release|x86.ActiveCfg = Release|Any CPU
		{A2E70A71-ED02-4A2D-8BBC-DB20153EF015}.Release|x86.Build.0 = Release|Any CPU
		{CD3F9415-9000-4794-A119-DB4AEEDEAE47}.Debug|Any CPU.ActiveCfg = Debug|Any CPU
		{CD3F9415-9000-4794-A119-DB4AEEDEAE47}.Debug|Any CPU.Build.0 = Debug|Any CPU
		{CD3F9415-9000-4794-A119-DB4AEEDEAE47}.Debug|ARM.ActiveCfg = Debug|Any CPU
		{CD3F9415-9000-4794-A119-DB4AEEDEAE47}.Debug|ARM.Build.0 = Debug|Any CPU
		{CD3F9415-9000-4794-A119-DB4AEEDEAE47}.Debug|x64.ActiveCfg = Debug|Any CPU
		{CD3F9415-9000-4794-A119-DB4AEEDEAE47}.Debug|x64.Build.0 = Debug|Any CPU
		{CD3F9415-9000-4794-A119-DB4AEEDEAE47}.Debug|x86.ActiveCfg = Debug|Any CPU
		{CD3F9415-9000-4794-A119-DB4AEEDEAE47}.Debug|x86.Build.0 = Debug|Any CPU
		{CD3F9415-9000-4794-A119-DB4AEEDEAE47}.Release|Any CPU.ActiveCfg = Release|Any CPU
		{CD3F9415-9000-4794-A119-DB4AEEDEAE47}.Release|Any CPU.Build.0 = Release|Any CPU
		{CD3F9415-9000-4794-A119-DB4AEEDEAE47}.Release|ARM.ActiveCfg = Release|Any CPU
		{CD3F9415-9000-4794-A119-DB4AEEDEAE47}.Release|ARM.Build.0 = Release|Any CPU
		{CD3F9415-9000-4794-A119-DB4AEEDEAE47}.Release|x64.ActiveCfg = Release|Any CPU
		{CD3F9415-9000-4794-A119-DB4AEEDEAE47}.Release|x64.Build.0 = Release|Any CPU
		{CD3F9415-9000-4794-A119-DB4AEEDEAE47}.Release|x86.ActiveCfg = Release|Any CPU
		{CD3F9415-9000-4794-A119-DB4AEEDEAE47}.Release|x86.Build.0 = Release|Any CPU
		{EEA4BCC0-7342-4FAF-A4EE-C277E8BE832A}.Debug|Any CPU.ActiveCfg = Debug|Any CPU
		{EEA4BCC0-7342-4FAF-A4EE-C277E8BE832A}.Debug|Any CPU.Build.0 = Debug|Any CPU
		{EEA4BCC0-7342-4FAF-A4EE-C277E8BE832A}.Debug|ARM.ActiveCfg = Debug|Any CPU
		{EEA4BCC0-7342-4FAF-A4EE-C277E8BE832A}.Debug|ARM.Build.0 = Debug|Any CPU
		{EEA4BCC0-7342-4FAF-A4EE-C277E8BE832A}.Debug|x64.ActiveCfg = Debug|Any CPU
		{EEA4BCC0-7342-4FAF-A4EE-C277E8BE832A}.Debug|x64.Build.0 = Debug|Any CPU
		{EEA4BCC0-7342-4FAF-A4EE-C277E8BE832A}.Debug|x86.ActiveCfg = Debug|Any CPU
		{EEA4BCC0-7342-4FAF-A4EE-C277E8BE832A}.Debug|x86.Build.0 = Debug|Any CPU
		{EEA4BCC0-7342-4FAF-A4EE-C277E8BE832A}.Release|Any CPU.ActiveCfg = Release|Any CPU
		{EEA4BCC0-7342-4FAF-A4EE-C277E8BE832A}.Release|Any CPU.Build.0 = Release|Any CPU
		{EEA4BCC0-7342-4FAF-A4EE-C277E8BE832A}.Release|ARM.ActiveCfg = Release|Any CPU
		{EEA4BCC0-7342-4FAF-A4EE-C277E8BE832A}.Release|ARM.Build.0 = Release|Any CPU
		{EEA4BCC0-7342-4FAF-A4EE-C277E8BE832A}.Release|x64.ActiveCfg = Release|Any CPU
		{EEA4BCC0-7342-4FAF-A4EE-C277E8BE832A}.Release|x64.Build.0 = Release|Any CPU
		{EEA4BCC0-7342-4FAF-A4EE-C277E8BE832A}.Release|x86.ActiveCfg = Release|Any CPU
		{EEA4BCC0-7342-4FAF-A4EE-C277E8BE832A}.Release|x86.Build.0 = Release|Any CPU
		{86DE5512-0D1A-451B-A45A-47DF92209C81}.Debug|Any CPU.ActiveCfg = Debug|Any CPU
		{86DE5512-0D1A-451B-A45A-47DF92209C81}.Debug|Any CPU.Build.0 = Debug|Any CPU
		{86DE5512-0D1A-451B-A45A-47DF92209C81}.Debug|ARM.ActiveCfg = Debug|Any CPU
		{86DE5512-0D1A-451B-A45A-47DF92209C81}.Debug|ARM.Build.0 = Debug|Any CPU
		{86DE5512-0D1A-451B-A45A-47DF92209C81}.Debug|x64.ActiveCfg = Debug|Any CPU
		{86DE5512-0D1A-451B-A45A-47DF92209C81}.Debug|x64.Build.0 = Debug|Any CPU
		{86DE5512-0D1A-451B-A45A-47DF92209C81}.Debug|x86.ActiveCfg = Debug|Any CPU
		{86DE5512-0D1A-451B-A45A-47DF92209C81}.Debug|x86.Build.0 = Debug|Any CPU
		{86DE5512-0D1A-451B-A45A-47DF92209C81}.Release|Any CPU.ActiveCfg = Release|Any CPU
		{86DE5512-0D1A-451B-A45A-47DF92209C81}.Release|Any CPU.Build.0 = Release|Any CPU
		{86DE5512-0D1A-451B-A45A-47DF92209C81}.Release|ARM.ActiveCfg = Release|Any CPU
		{86DE5512-0D1A-451B-A45A-47DF92209C81}.Release|ARM.Build.0 = Release|Any CPU
		{86DE5512-0D1A-451B-A45A-47DF92209C81}.Release|x64.ActiveCfg = Release|Any CPU
		{86DE5512-0D1A-451B-A45A-47DF92209C81}.Release|x64.Build.0 = Release|Any CPU
		{86DE5512-0D1A-451B-A45A-47DF92209C81}.Release|x86.ActiveCfg = Release|Any CPU
		{86DE5512-0D1A-451B-A45A-47DF92209C81}.Release|x86.Build.0 = Release|Any CPU
		{A4D4E454-340B-4782-9162-37BABC3D269D}.Debug|Any CPU.ActiveCfg = Debug|Any CPU
		{A4D4E454-340B-4782-9162-37BABC3D269D}.Debug|Any CPU.Build.0 = Debug|Any CPU
		{A4D4E454-340B-4782-9162-37BABC3D269D}.Debug|ARM.ActiveCfg = Debug|Any CPU
		{A4D4E454-340B-4782-9162-37BABC3D269D}.Debug|ARM.Build.0 = Debug|Any CPU
		{A4D4E454-340B-4782-9162-37BABC3D269D}.Debug|x64.ActiveCfg = Debug|Any CPU
		{A4D4E454-340B-4782-9162-37BABC3D269D}.Debug|x64.Build.0 = Debug|Any CPU
		{A4D4E454-340B-4782-9162-37BABC3D269D}.Debug|x86.ActiveCfg = Debug|Any CPU
		{A4D4E454-340B-4782-9162-37BABC3D269D}.Debug|x86.Build.0 = Debug|Any CPU
		{A4D4E454-340B-4782-9162-37BABC3D269D}.Release|Any CPU.ActiveCfg = Release|Any CPU
		{A4D4E454-340B-4782-9162-37BABC3D269D}.Release|Any CPU.Build.0 = Release|Any CPU
		{A4D4E454-340B-4782-9162-37BABC3D269D}.Release|ARM.ActiveCfg = Release|Any CPU
		{A4D4E454-340B-4782-9162-37BABC3D269D}.Release|ARM.Build.0 = Release|Any CPU
		{A4D4E454-340B-4782-9162-37BABC3D269D}.Release|x64.ActiveCfg = Release|Any CPU
		{A4D4E454-340B-4782-9162-37BABC3D269D}.Release|x64.Build.0 = Release|Any CPU
		{A4D4E454-340B-4782-9162-37BABC3D269D}.Release|x86.ActiveCfg = Release|Any CPU
		{A4D4E454-340B-4782-9162-37BABC3D269D}.Release|x86.Build.0 = Release|Any CPU
		{3F61ADE6-FED9-434D-8DF5-AFABAC4ED92D}.Debug|Any CPU.ActiveCfg = Debug|Any CPU
		{3F61ADE6-FED9-434D-8DF5-AFABAC4ED92D}.Debug|Any CPU.Build.0 = Debug|Any CPU
		{3F61ADE6-FED9-434D-8DF5-AFABAC4ED92D}.Debug|ARM.ActiveCfg = Debug|Any CPU
		{3F61ADE6-FED9-434D-8DF5-AFABAC4ED92D}.Debug|ARM.Build.0 = Debug|Any CPU
		{3F61ADE6-FED9-434D-8DF5-AFABAC4ED92D}.Debug|x64.ActiveCfg = Debug|Any CPU
		{3F61ADE6-FED9-434D-8DF5-AFABAC4ED92D}.Debug|x64.Build.0 = Debug|Any CPU
		{3F61ADE6-FED9-434D-8DF5-AFABAC4ED92D}.Debug|x86.ActiveCfg = Debug|Any CPU
		{3F61ADE6-FED9-434D-8DF5-AFABAC4ED92D}.Debug|x86.Build.0 = Debug|Any CPU
		{3F61ADE6-FED9-434D-8DF5-AFABAC4ED92D}.Release|Any CPU.ActiveCfg = Release|Any CPU
		{3F61ADE6-FED9-434D-8DF5-AFABAC4ED92D}.Release|Any CPU.Build.0 = Release|Any CPU
		{3F61ADE6-FED9-434D-8DF5-AFABAC4ED92D}.Release|ARM.ActiveCfg = Release|Any CPU
		{3F61ADE6-FED9-434D-8DF5-AFABAC4ED92D}.Release|ARM.Build.0 = Release|Any CPU
		{3F61ADE6-FED9-434D-8DF5-AFABAC4ED92D}.Release|x64.ActiveCfg = Release|Any CPU
		{3F61ADE6-FED9-434D-8DF5-AFABAC4ED92D}.Release|x64.Build.0 = Release|Any CPU
		{3F61ADE6-FED9-434D-8DF5-AFABAC4ED92D}.Release|x86.ActiveCfg = Release|Any CPU
		{3F61ADE6-FED9-434D-8DF5-AFABAC4ED92D}.Release|x86.Build.0 = Release|Any CPU
		{EB4FA3A2-D317-4E0C-B0A2-23354C6AD4EC}.Debug|Any CPU.ActiveCfg = Debug|Any CPU
		{EB4FA3A2-D317-4E0C-B0A2-23354C6AD4EC}.Debug|Any CPU.Build.0 = Debug|Any CPU
		{EB4FA3A2-D317-4E0C-B0A2-23354C6AD4EC}.Debug|ARM.ActiveCfg = Debug|Any CPU
		{EB4FA3A2-D317-4E0C-B0A2-23354C6AD4EC}.Debug|ARM.Build.0 = Debug|Any CPU
		{EB4FA3A2-D317-4E0C-B0A2-23354C6AD4EC}.Debug|x64.ActiveCfg = Debug|Any CPU
		{EB4FA3A2-D317-4E0C-B0A2-23354C6AD4EC}.Debug|x64.Build.0 = Debug|Any CPU
		{EB4FA3A2-D317-4E0C-B0A2-23354C6AD4EC}.Debug|x86.ActiveCfg = Debug|Any CPU
		{EB4FA3A2-D317-4E0C-B0A2-23354C6AD4EC}.Debug|x86.Build.0 = Debug|Any CPU
		{EB4FA3A2-D317-4E0C-B0A2-23354C6AD4EC}.Release|Any CPU.ActiveCfg = Release|Any CPU
		{EB4FA3A2-D317-4E0C-B0A2-23354C6AD4EC}.Release|Any CPU.Build.0 = Release|Any CPU
		{EB4FA3A2-D317-4E0C-B0A2-23354C6AD4EC}.Release|ARM.ActiveCfg = Release|Any CPU
		{EB4FA3A2-D317-4E0C-B0A2-23354C6AD4EC}.Release|ARM.Build.0 = Release|Any CPU
		{EB4FA3A2-D317-4E0C-B0A2-23354C6AD4EC}.Release|x64.ActiveCfg = Release|Any CPU
		{EB4FA3A2-D317-4E0C-B0A2-23354C6AD4EC}.Release|x64.Build.0 = Release|Any CPU
		{EB4FA3A2-D317-4E0C-B0A2-23354C6AD4EC}.Release|x86.ActiveCfg = Release|Any CPU
		{EB4FA3A2-D317-4E0C-B0A2-23354C6AD4EC}.Release|x86.Build.0 = Release|Any CPU
		{282615AA-D765-474D-9CE4-EE35471AC256}.Debug|Any CPU.ActiveCfg = Debug|Any CPU
		{282615AA-D765-474D-9CE4-EE35471AC256}.Debug|Any CPU.Build.0 = Debug|Any CPU
		{282615AA-D765-474D-9CE4-EE35471AC256}.Debug|ARM.ActiveCfg = Debug|Any CPU
		{282615AA-D765-474D-9CE4-EE35471AC256}.Debug|ARM.Build.0 = Debug|Any CPU
		{282615AA-D765-474D-9CE4-EE35471AC256}.Debug|x64.ActiveCfg = Debug|Any CPU
		{282615AA-D765-474D-9CE4-EE35471AC256}.Debug|x64.Build.0 = Debug|Any CPU
		{282615AA-D765-474D-9CE4-EE35471AC256}.Debug|x86.ActiveCfg = Debug|Any CPU
		{282615AA-D765-474D-9CE4-EE35471AC256}.Debug|x86.Build.0 = Debug|Any CPU
		{282615AA-D765-474D-9CE4-EE35471AC256}.Release|Any CPU.ActiveCfg = Release|Any CPU
		{282615AA-D765-474D-9CE4-EE35471AC256}.Release|Any CPU.Build.0 = Release|Any CPU
		{282615AA-D765-474D-9CE4-EE35471AC256}.Release|ARM.ActiveCfg = Release|Any CPU
		{282615AA-D765-474D-9CE4-EE35471AC256}.Release|ARM.Build.0 = Release|Any CPU
		{282615AA-D765-474D-9CE4-EE35471AC256}.Release|x64.ActiveCfg = Release|Any CPU
		{282615AA-D765-474D-9CE4-EE35471AC256}.Release|x64.Build.0 = Release|Any CPU
		{282615AA-D765-474D-9CE4-EE35471AC256}.Release|x86.ActiveCfg = Release|Any CPU
		{282615AA-D765-474D-9CE4-EE35471AC256}.Release|x86.Build.0 = Release|Any CPU
		{4BFC95A9-0EAE-4B6C-8F0C-4CDBA165E069}.Debug|Any CPU.ActiveCfg = Debug|Any CPU
		{4BFC95A9-0EAE-4B6C-8F0C-4CDBA165E069}.Debug|Any CPU.Build.0 = Debug|Any CPU
		{4BFC95A9-0EAE-4B6C-8F0C-4CDBA165E069}.Debug|ARM.ActiveCfg = Debug|Any CPU
		{4BFC95A9-0EAE-4B6C-8F0C-4CDBA165E069}.Debug|ARM.Build.0 = Debug|Any CPU
		{4BFC95A9-0EAE-4B6C-8F0C-4CDBA165E069}.Debug|x64.ActiveCfg = Debug|Any CPU
		{4BFC95A9-0EAE-4B6C-8F0C-4CDBA165E069}.Debug|x64.Build.0 = Debug|Any CPU
		{4BFC95A9-0EAE-4B6C-8F0C-4CDBA165E069}.Debug|x86.ActiveCfg = Debug|Any CPU
		{4BFC95A9-0EAE-4B6C-8F0C-4CDBA165E069}.Debug|x86.Build.0 = Debug|Any CPU
		{4BFC95A9-0EAE-4B6C-8F0C-4CDBA165E069}.Release|Any CPU.ActiveCfg = Release|Any CPU
		{4BFC95A9-0EAE-4B6C-8F0C-4CDBA165E069}.Release|Any CPU.Build.0 = Release|Any CPU
		{4BFC95A9-0EAE-4B6C-8F0C-4CDBA165E069}.Release|ARM.ActiveCfg = Release|Any CPU
		{4BFC95A9-0EAE-4B6C-8F0C-4CDBA165E069}.Release|ARM.Build.0 = Release|Any CPU
		{4BFC95A9-0EAE-4B6C-8F0C-4CDBA165E069}.Release|x64.ActiveCfg = Release|Any CPU
		{4BFC95A9-0EAE-4B6C-8F0C-4CDBA165E069}.Release|x64.Build.0 = Release|Any CPU
		{4BFC95A9-0EAE-4B6C-8F0C-4CDBA165E069}.Release|x86.ActiveCfg = Release|Any CPU
		{4BFC95A9-0EAE-4B6C-8F0C-4CDBA165E069}.Release|x86.Build.0 = Release|Any CPU
		{760FA47A-75A8-448A-BF15-7229571AA23C}.Debug|Any CPU.ActiveCfg = Debug|Any CPU
		{760FA47A-75A8-448A-BF15-7229571AA23C}.Debug|Any CPU.Build.0 = Debug|Any CPU
		{760FA47A-75A8-448A-BF15-7229571AA23C}.Debug|ARM.ActiveCfg = Debug|Any CPU
		{760FA47A-75A8-448A-BF15-7229571AA23C}.Debug|ARM.Build.0 = Debug|Any CPU
		{760FA47A-75A8-448A-BF15-7229571AA23C}.Debug|x64.ActiveCfg = Debug|Any CPU
		{760FA47A-75A8-448A-BF15-7229571AA23C}.Debug|x64.Build.0 = Debug|Any CPU
		{760FA47A-75A8-448A-BF15-7229571AA23C}.Debug|x86.ActiveCfg = Debug|Any CPU
		{760FA47A-75A8-448A-BF15-7229571AA23C}.Debug|x86.Build.0 = Debug|Any CPU
		{760FA47A-75A8-448A-BF15-7229571AA23C}.Release|Any CPU.ActiveCfg = Release|Any CPU
		{760FA47A-75A8-448A-BF15-7229571AA23C}.Release|Any CPU.Build.0 = Release|Any CPU
		{760FA47A-75A8-448A-BF15-7229571AA23C}.Release|ARM.ActiveCfg = Release|Any CPU
		{760FA47A-75A8-448A-BF15-7229571AA23C}.Release|ARM.Build.0 = Release|Any CPU
		{760FA47A-75A8-448A-BF15-7229571AA23C}.Release|x64.ActiveCfg = Release|Any CPU
		{760FA47A-75A8-448A-BF15-7229571AA23C}.Release|x64.Build.0 = Release|Any CPU
		{760FA47A-75A8-448A-BF15-7229571AA23C}.Release|x86.ActiveCfg = Release|Any CPU
		{760FA47A-75A8-448A-BF15-7229571AA23C}.Release|x86.Build.0 = Release|Any CPU
		{9C7F6E1D-0210-4A30-9D08-9B42BA4614E1}.Debug|Any CPU.ActiveCfg = Debug|Any CPU
		{9C7F6E1D-0210-4A30-9D08-9B42BA4614E1}.Debug|Any CPU.Build.0 = Debug|Any CPU
		{9C7F6E1D-0210-4A30-9D08-9B42BA4614E1}.Debug|ARM.ActiveCfg = Debug|Any CPU
		{9C7F6E1D-0210-4A30-9D08-9B42BA4614E1}.Debug|ARM.Build.0 = Debug|Any CPU
		{9C7F6E1D-0210-4A30-9D08-9B42BA4614E1}.Debug|x64.ActiveCfg = Debug|Any CPU
		{9C7F6E1D-0210-4A30-9D08-9B42BA4614E1}.Debug|x64.Build.0 = Debug|Any CPU
		{9C7F6E1D-0210-4A30-9D08-9B42BA4614E1}.Debug|x86.ActiveCfg = Debug|Any CPU
		{9C7F6E1D-0210-4A30-9D08-9B42BA4614E1}.Debug|x86.Build.0 = Debug|Any CPU
		{9C7F6E1D-0210-4A30-9D08-9B42BA4614E1}.Release|Any CPU.ActiveCfg = Release|Any CPU
		{9C7F6E1D-0210-4A30-9D08-9B42BA4614E1}.Release|Any CPU.Build.0 = Release|Any CPU
		{9C7F6E1D-0210-4A30-9D08-9B42BA4614E1}.Release|ARM.ActiveCfg = Release|Any CPU
		{9C7F6E1D-0210-4A30-9D08-9B42BA4614E1}.Release|ARM.Build.0 = Release|Any CPU
		{9C7F6E1D-0210-4A30-9D08-9B42BA4614E1}.Release|x64.ActiveCfg = Release|Any CPU
		{9C7F6E1D-0210-4A30-9D08-9B42BA4614E1}.Release|x64.Build.0 = Release|Any CPU
		{9C7F6E1D-0210-4A30-9D08-9B42BA4614E1}.Release|x86.ActiveCfg = Release|Any CPU
		{9C7F6E1D-0210-4A30-9D08-9B42BA4614E1}.Release|x86.Build.0 = Release|Any CPU
		{9907A911-2BE9-43A8-BF2E-A3CED758952D}.Debug|Any CPU.ActiveCfg = Debug|Any CPU
		{9907A911-2BE9-43A8-BF2E-A3CED758952D}.Debug|Any CPU.Build.0 = Debug|Any CPU
		{9907A911-2BE9-43A8-BF2E-A3CED758952D}.Debug|ARM.ActiveCfg = Debug|Any CPU
		{9907A911-2BE9-43A8-BF2E-A3CED758952D}.Debug|ARM.Build.0 = Debug|Any CPU
		{9907A911-2BE9-43A8-BF2E-A3CED758952D}.Debug|x64.ActiveCfg = Debug|Any CPU
		{9907A911-2BE9-43A8-BF2E-A3CED758952D}.Debug|x64.Build.0 = Debug|Any CPU
		{9907A911-2BE9-43A8-BF2E-A3CED758952D}.Debug|x86.ActiveCfg = Debug|Any CPU
		{9907A911-2BE9-43A8-BF2E-A3CED758952D}.Debug|x86.Build.0 = Debug|Any CPU
		{9907A911-2BE9-43A8-BF2E-A3CED758952D}.Release|Any CPU.ActiveCfg = Release|Any CPU
		{9907A911-2BE9-43A8-BF2E-A3CED758952D}.Release|Any CPU.Build.0 = Release|Any CPU
		{9907A911-2BE9-43A8-BF2E-A3CED758952D}.Release|ARM.ActiveCfg = Release|Any CPU
		{9907A911-2BE9-43A8-BF2E-A3CED758952D}.Release|ARM.Build.0 = Release|Any CPU
		{9907A911-2BE9-43A8-BF2E-A3CED758952D}.Release|x64.ActiveCfg = Release|Any CPU
		{9907A911-2BE9-43A8-BF2E-A3CED758952D}.Release|x64.Build.0 = Release|Any CPU
		{9907A911-2BE9-43A8-BF2E-A3CED758952D}.Release|x86.ActiveCfg = Release|Any CPU
		{9907A911-2BE9-43A8-BF2E-A3CED758952D}.Release|x86.Build.0 = Release|Any CPU
		{F257883C-C6D2-45AE-BB3E-C3260502F3F0}.Debug|Any CPU.ActiveCfg = Debug|Any CPU
		{F257883C-C6D2-45AE-BB3E-C3260502F3F0}.Debug|Any CPU.Build.0 = Debug|Any CPU
		{F257883C-C6D2-45AE-BB3E-C3260502F3F0}.Debug|ARM.ActiveCfg = Debug|Any CPU
		{F257883C-C6D2-45AE-BB3E-C3260502F3F0}.Debug|ARM.Build.0 = Debug|Any CPU
		{F257883C-C6D2-45AE-BB3E-C3260502F3F0}.Debug|x64.ActiveCfg = Debug|Any CPU
		{F257883C-C6D2-45AE-BB3E-C3260502F3F0}.Debug|x64.Build.0 = Debug|Any CPU
		{F257883C-C6D2-45AE-BB3E-C3260502F3F0}.Debug|x86.ActiveCfg = Debug|Any CPU
		{F257883C-C6D2-45AE-BB3E-C3260502F3F0}.Debug|x86.Build.0 = Debug|Any CPU
		{F257883C-C6D2-45AE-BB3E-C3260502F3F0}.Release|Any CPU.ActiveCfg = Release|Any CPU
		{F257883C-C6D2-45AE-BB3E-C3260502F3F0}.Release|Any CPU.Build.0 = Release|Any CPU
		{F257883C-C6D2-45AE-BB3E-C3260502F3F0}.Release|ARM.ActiveCfg = Release|Any CPU
		{F257883C-C6D2-45AE-BB3E-C3260502F3F0}.Release|ARM.Build.0 = Release|Any CPU
		{F257883C-C6D2-45AE-BB3E-C3260502F3F0}.Release|x64.ActiveCfg = Release|Any CPU
		{F257883C-C6D2-45AE-BB3E-C3260502F3F0}.Release|x64.Build.0 = Release|Any CPU
		{F257883C-C6D2-45AE-BB3E-C3260502F3F0}.Release|x86.ActiveCfg = Release|Any CPU
		{F257883C-C6D2-45AE-BB3E-C3260502F3F0}.Release|x86.Build.0 = Release|Any CPU
		{8C9B6B84-4740-4834-A7E8-301D7338FE5C}.Debug|Any CPU.ActiveCfg = Debug|Any CPU
		{8C9B6B84-4740-4834-A7E8-301D7338FE5C}.Debug|Any CPU.Build.0 = Debug|Any CPU
		{8C9B6B84-4740-4834-A7E8-301D7338FE5C}.Debug|ARM.ActiveCfg = Debug|Any CPU
		{8C9B6B84-4740-4834-A7E8-301D7338FE5C}.Debug|ARM.Build.0 = Debug|Any CPU
		{8C9B6B84-4740-4834-A7E8-301D7338FE5C}.Debug|x64.ActiveCfg = Debug|Any CPU
		{8C9B6B84-4740-4834-A7E8-301D7338FE5C}.Debug|x64.Build.0 = Debug|Any CPU
		{8C9B6B84-4740-4834-A7E8-301D7338FE5C}.Debug|x86.ActiveCfg = Debug|Any CPU
		{8C9B6B84-4740-4834-A7E8-301D7338FE5C}.Debug|x86.Build.0 = Debug|Any CPU
		{8C9B6B84-4740-4834-A7E8-301D7338FE5C}.Release|Any CPU.ActiveCfg = Release|Any CPU
		{8C9B6B84-4740-4834-A7E8-301D7338FE5C}.Release|Any CPU.Build.0 = Release|Any CPU
		{8C9B6B84-4740-4834-A7E8-301D7338FE5C}.Release|ARM.ActiveCfg = Release|Any CPU
		{8C9B6B84-4740-4834-A7E8-301D7338FE5C}.Release|ARM.Build.0 = Release|Any CPU
		{8C9B6B84-4740-4834-A7E8-301D7338FE5C}.Release|x64.ActiveCfg = Release|Any CPU
		{8C9B6B84-4740-4834-A7E8-301D7338FE5C}.Release|x64.Build.0 = Release|Any CPU
		{8C9B6B84-4740-4834-A7E8-301D7338FE5C}.Release|x86.ActiveCfg = Release|Any CPU
		{8C9B6B84-4740-4834-A7E8-301D7338FE5C}.Release|x86.Build.0 = Release|Any CPU
		{F483A5D8-C2C5-4419-8EB9-4675D968AEA0}.Debug|Any CPU.ActiveCfg = Debug|Any CPU
		{F483A5D8-C2C5-4419-8EB9-4675D968AEA0}.Debug|Any CPU.Build.0 = Debug|Any CPU
		{F483A5D8-C2C5-4419-8EB9-4675D968AEA0}.Debug|ARM.ActiveCfg = Debug|Any CPU
		{F483A5D8-C2C5-4419-8EB9-4675D968AEA0}.Debug|ARM.Build.0 = Debug|Any CPU
		{F483A5D8-C2C5-4419-8EB9-4675D968AEA0}.Debug|x64.ActiveCfg = Debug|Any CPU
		{F483A5D8-C2C5-4419-8EB9-4675D968AEA0}.Debug|x64.Build.0 = Debug|Any CPU
		{F483A5D8-C2C5-4419-8EB9-4675D968AEA0}.Debug|x86.ActiveCfg = Debug|Any CPU
		{F483A5D8-C2C5-4419-8EB9-4675D968AEA0}.Debug|x86.Build.0 = Debug|Any CPU
		{F483A5D8-C2C5-4419-8EB9-4675D968AEA0}.Release|Any CPU.ActiveCfg = Release|Any CPU
		{F483A5D8-C2C5-4419-8EB9-4675D968AEA0}.Release|Any CPU.Build.0 = Release|Any CPU
		{F483A5D8-C2C5-4419-8EB9-4675D968AEA0}.Release|ARM.ActiveCfg = Release|Any CPU
		{F483A5D8-C2C5-4419-8EB9-4675D968AEA0}.Release|ARM.Build.0 = Release|Any CPU
		{F483A5D8-C2C5-4419-8EB9-4675D968AEA0}.Release|x64.ActiveCfg = Release|Any CPU
		{F483A5D8-C2C5-4419-8EB9-4675D968AEA0}.Release|x64.Build.0 = Release|Any CPU
		{F483A5D8-C2C5-4419-8EB9-4675D968AEA0}.Release|x86.ActiveCfg = Release|Any CPU
		{F483A5D8-C2C5-4419-8EB9-4675D968AEA0}.Release|x86.Build.0 = Release|Any CPU
	EndGlobalSection
	GlobalSection(SolutionProperties) = preSolution
		HideSolutionNode = FALSE
	EndGlobalSection
	GlobalSection(NestedProjects) = preSolution
		{EEA4BCC0-7342-4FAF-A4EE-C277E8BE832A} = {4D0C7B89-8086-4737-ABEC-0AB67E7ED104}
		{86DE5512-0D1A-451B-A45A-47DF92209C81} = {4D0C7B89-8086-4737-ABEC-0AB67E7ED104}
		{A4D4E454-340B-4782-9162-37BABC3D269D} = {4D0C7B89-8086-4737-ABEC-0AB67E7ED104}
		{3F61ADE6-FED9-434D-8DF5-AFABAC4ED92D} = {C2E267A8-D312-4E88-A60E-EF499B7C6802}
		{EB4FA3A2-D317-4E0C-B0A2-23354C6AD4EC} = {C2E267A8-D312-4E88-A60E-EF499B7C6802}
		{282615AA-D765-474D-9CE4-EE35471AC256} = {C2E267A8-D312-4E88-A60E-EF499B7C6802}
		{4BFC95A9-0EAE-4B6C-8F0C-4CDBA165E069} = {024D6A10-75F9-4C9E-9B90-EC245B959934}
		{760FA47A-75A8-448A-BF15-7229571AA23C} = {024D6A10-75F9-4C9E-9B90-EC245B959934}
		{9C7F6E1D-0210-4A30-9D08-9B42BA4614E1} = {9184E972-1614-4340-84F3-A4C71155D382}
		{9907A911-2BE9-43A8-BF2E-A3CED758952D} = {F2F7F86D-2C10-42E4-83FF-62125C678F38}
		{F257883C-C6D2-45AE-BB3E-C3260502F3F0} = {F2F7F86D-2C10-42E4-83FF-62125C678F38}
		{8C9B6B84-4740-4834-A7E8-301D7338FE5C} = {F2F7F86D-2C10-42E4-83FF-62125C678F38}
		{F483A5D8-C2C5-4419-8EB9-4675D968AEA0} = {9184E972-1614-4340-84F3-A4C71155D382}
	EndGlobalSection
EndGlobal
